
Microsoft Visual Studio Solution File, Format Version 12.00
# Visual Studio Version 17
VisualStudioVersion = 17.2.32526.322
MinimumVisualStudioVersion = 10.0.40219.1
Project("{FAE04EC0-301F-11D3-BF4B-00C04F79EFBC}") = "URI1115", "URI1115\URI1115.csproj", "{927A6CFA-0031-4C60-AAD9-799D27D490A5}"
EndProject
Global
	GlobalSection(SolutionConfigurationPlatforms) = preSolution
		Debug|Any CPU = Debug|Any CPU
		Release|Any CPU = Release|Any CPU
	EndGlobalSection
	GlobalSection(ProjectConfigurationPlatforms) = postSolution
		{927A6CFA-0031-4C60-AAD9-799D27D490A5}.Debug|Any CPU.ActiveCfg = Debug|Any CPU
		{927A6CFA-0031-4C60-AAD9-799D27D490A5}.Debug|Any CPU.Build.0 = Debug|Any CPU
		{927A6CFA-0031-4C60-AAD9-799D27D490A5}.Release|Any CPU.ActiveCfg = Release|Any CPU
		{927A6CFA-0031-4C60-AAD9-799D27D490A5}.Release|Any CPU.Build.0 = Release|Any CPU
	EndGlobalSection
	GlobalSection(SolutionProperties) = preSolution
		HideSolutionNode = FALSE
	EndGlobalSection
	GlobalSection(ExtensibilityGlobals) = postSolution
		SolutionGuid = {B0E20CF5-D459-4995-9753-3A7FAD665800}
	EndGlobalSection
EndGlobal
