
Microsoft Visual Studio Solution File, Format Version 12.00
# Visual Studio Version 17
VisualStudioVersion = 17.2.32526.322
MinimumVisualStudioVersion = 10.0.40219.1
Project("{FAE04EC0-301F-11D3-BF4B-00C04F79EFBC}") = "URI-1071", "URI-1071\URI-1071.csproj", "{48602C3E-961B-46F3-8172-127394D56364}"
EndProject
Global
	GlobalSection(SolutionConfigurationPlatforms) = preSolution
		Debug|Any CPU = Debug|Any CPU
		Release|Any CPU = Release|Any CPU
	EndGlobalSection
	GlobalSection(ProjectConfigurationPlatforms) = postSolution
		{48602C3E-961B-46F3-8172-127394D56364}.Debug|Any CPU.ActiveCfg = Debug|Any CPU
		{48602C3E-961B-46F3-8172-127394D56364}.Debug|Any CPU.Build.0 = Debug|Any CPU
		{48602C3E-961B-46F3-8172-127394D56364}.Release|Any CPU.ActiveCfg = Release|Any CPU
		{48602C3E-961B-46F3-8172-127394D56364}.Release|Any CPU.Build.0 = Release|Any CPU
	EndGlobalSection
	GlobalSection(SolutionProperties) = preSolution
		HideSolutionNode = FALSE
	EndGlobalSection
	GlobalSection(ExtensibilityGlobals) = postSolution
		SolutionGuid = {454B2850-E3B5-4F94-867D-78B8757C87D5}
	EndGlobalSection
EndGlobal
